
Microsoft Visual Studio Solution File, Format Version 12.00
# Visual Studio Version 17
VisualStudioVersion = 17.0.31903.59
MinimumVisualStudioVersion = 10.0.40219.1
Project("{FAE04EC0-301F-11D3-BF4B-00C04F79EFBC}") = "BusinessAPI", "BusinessAPI.csproj", "{C109612A-F285-4C30-BBD1-51471BCEA55D}"
EndProject
Global
	GlobalSection(SolutionConfigurationPlatforms) = preSolution
		Debug|Any CPU = Debug|Any CPU
		Release|Any CPU = Release|Any CPU
	EndGlobalSection
	GlobalSection(SolutionProperties) = preSolution
		HideSolutionNode = FALSE
	EndGlobalSection
	GlobalSection(ProjectConfigurationPlatforms) = postSolution
		{C109612A-F285-4C30-BBD1-51471BCEA55D}.Debug|Any CPU.ActiveCfg = Debug|Any CPU
		{C109612A-F285-4C30-BBD1-51471BCEA55D}.Debug|Any CPU.Build.0 = Debug|Any CPU
		{C109612A-F285-4C30-BBD1-51471BCEA55D}.Release|Any CPU.ActiveCfg = Release|Any CPU
		{C109612A-F285-4C30-BBD1-51471BCEA55D}.Release|Any CPU.Build.0 = Release|Any CPU
	EndGlobalSection
EndGlobal
